Microsoft Visual Studio Solution File, Format Version 12.00
# Visual Studio Version 17
VisualStudioVersion = 17.0.31903.59
MinimumVisualStudioVersion = 10.0.40219.1
Project("{6EC3EE1D-3C4E-46DD-8F32-0CC8E7565705}") = "WtProgram", "WtProgram\WtProgram.fsproj", "{AE7D5E18-AC62-4BD3-AB9E-02CBB2EB29D6}"
EndProject
Project("{9A19103F-16F7-4668-BE54-9A1E7A4F7556}") = "Win32", "Win32\Win32.csproj", "{08D5E815-CC69-4D6E-83BD-EF119618EA9C}"
EndProject
Project("{9A19103F-16F7-4668-BE54-9A1E7A4F7556}") = "Aga.Controls", "treeviewadv\Aga.Controls\Aga.Controls.csproj", "{E73BB233-D88B-44A7-A98F-D71EE158381D}"
EndProject
Global
	GlobalSection(SolutionConfigurationPlatforms) = preSolution
		Debug|Any CPU = Debug|Any CPU
		Release|Any CPU = Release|Any CPU
	EndGlobalSection
	GlobalSection(ProjectConfigurationPlatforms) = postSolution
		{AE7D5E18-AC62-4BD3-AB9E-02CBB2EB29D6}.Debug|Any CPU.ActiveCfg = Debug|Any CPU
		{AE7D5E18-AC62-4BD3-AB9E-02CBB2EB29D6}.Debug|Any CPU.Build.0 = Debug|Any CPU
		{AE7D5E18-AC62-4BD3-AB9E-02CBB2EB29D6}.Release|Any CPU.ActiveCfg = Release|Any CPU
		{AE7D5E18-AC62-4BD3-AB9E-02CBB2EB29D6}.Release|Any CPU.Build.0 = Release|Any CPU
		{08D5E815-CC69-4D6E-83BD-EF119618EA9C}.Debug|Any CPU.ActiveCfg = Debug|Any CPU
		{08D5E815-CC69-4D6E-83BD-EF119618EA9C}.Debug|Any CPU.Build.0 = Debug|Any CPU
		{08D5E815-CC69-4D6E-83BD-EF119618EA9C}.Release|Any CPU.ActiveCfg = Release|Any CPU
		{08D5E815-CC69-4D6E-83BD-EF119618EA9C}.Release|Any CPU.Build.0 = Release|Any CPU
		{E73BB233-D88B-44A7-A98F-D71EE158381D}.Debug|Any CPU.ActiveCfg = Debug|Any CPU
		{E73BB233-D88B-44A7-A98F-D71EE158381D}.Debug|Any CPU.Build.0 = Debug|Any CPU
		{E73BB233-D88B-44A7-A98F-D71EE158381D}.Release|Any CPU.ActiveCfg = Release|Any CPU
		{E73BB233-D88B-44A7-A98F-D71EE158381D}.Release|Any CPU.Build.0 = Release|Any CPU
	EndGlobalSection
	GlobalSection(SolutionProperties) = preSolution
		HideSolutionNode = FALSE
	EndGlobalSection
	GlobalSection(ExtensibilityGlobals) = postSolution
		SolutionGuid = {56F33564-C822-44F0-ADD7-93248020E6B0}
	EndGlobalSection
EndGlobal
